
Microsoft Visual Studio Solution File, Format Version 12.00
# Visual Studio 15
VisualStudioVersion = 15.0.28010.2050
MinimumVisualStudioVersion = 10.0.40219.1
Project("{FAE04EC0-301F-11D3-BF4B-00C04F79EFBC}") = "Task1-2", "Task1-2\Task1-2.csproj", "{538BFA53-707E-4675-BDC7-830C610BC9CC}"
EndProject
Global
	GlobalSection(SolutionConfigurationPlatforms) = preSolution
		Debug|Any CPU = Debug|Any CPU
		Release|Any CPU = Release|Any CPU
	EndGlobalSection
	GlobalSection(ProjectConfigurationPlatforms) = postSolution
		{538BFA53-707E-4675-BDC7-830C610BC9CC}.Debug|Any CPU.ActiveCfg = Debug|Any CPU
		{538BFA53-707E-4675-BDC7-830C610BC9CC}.Debug|Any CPU.Build.0 = Debug|Any CPU
		{538BFA53-707E-4675-BDC7-830C610BC9CC}.Release|Any CPU.ActiveCfg = Release|Any CPU
		{538BFA53-707E-4675-BDC7-830C610BC9CC}.Release|Any CPU.Build.0 = Release|Any CPU
	EndGlobalSection
	GlobalSection(SolutionProperties) = preSolution
		HideSolutionNode = FALSE
	EndGlobalSection
	GlobalSection(ExtensibilityGlobals) = postSolution
		SolutionGuid = {909A726E-BCDC-4DB8-9D0E-98A9F40E3983}
	EndGlobalSection
EndGlobal
